// !$*UTF8*$!
{
	archiveVersion = 1;
	classes = {
	};
	objectVersion = 46;
	objects = {

/* Begin PBXBuildFile section */
		841526731D93B92F00AE9263 /* AppDelegate.swift in Sources */ = {isa = PBXBuildFile; fileRef = 841526721D93B92F00AE9263 /* AppDelegate.swift */; };
		841526751D93B92F00AE9263 /* ViewController.swift in Sources */ = {isa = PBXBuildFile; fileRef = 841526741D93B92F00AE9263 /* ViewController.swift */; };
		841526781D93B92F00AE9263 /* Main.storyboard in Resources */ = {isa = PBXBuildFile; fileRef = 841526761D93B92F00AE9263 /* Main.storyboard */; };
		8415267A1D93B92F00AE9263 /* Assets.xcassets in Resources */ = {isa = PBXBuildFile; fileRef = 841526791D93B92F00AE9263 /* Assets.xcassets */; };
		8415267D1D93B92F00AE9263 /* LaunchScreen.storyboard in Resources */ = {isa = PBXBuildFile; fileRef = 8415267B1D93B92F00AE9263 /* LaunchScreen.storyboard */; };
/* End PBXBuildFile section */

/* Begin PBXFileReference section */
		8415266F1D93B92F00AE9263 /* EyreFree3DTouchDemo.app */ = {isa = PBXFileReference; explicitFileType = wrapper.application; includeInIndex = 0; path = EyreFree3DTouchDemo.app; sourceTree = BUILT_PRODUCTS_DIR; };
		841526721D93B92F00AE9263 /* AppDelegate.swift */ = {isa = PBXFileReference; lastKnownFileType = sourcecode.swift; path = AppDelegate.swift; sourceTree = "<group>"; };
		841526741D93B92F00AE9263 /* ViewController.swift */ = {isa = PBXFileReference; lastKnownFileType = sourcecode.swift; path = ViewController.swift; sourceTree = "<group>"; };
		841526771D93B92F00AE9263 /* Base */ = {isa = PBXFileReference; lastKnownFileType = file.storyboard; name = Base; path = Base.lproj/Main.storyboard; sourceTree = "<group>"; };
		841526791D93B92F00AE9263 /* Assets.xcassets */ = {isa = PBXFileReference; lastKnownFileType = folder.assetcatalog; path = Assets.xcassets; sourceTree = "<group>"; };
		8415267C1D93B92F00AE9263 /* Base */ = {isa = PBXFileReference; lastKnownFileType = file.storyboard; name = Base; path = Base.lproj/LaunchScreen.storyboard; sourceTree = "<group>"; };
		8415267E1D93B92F00AE9263 /* Info.plist */ = {isa = PBXFileReference; lastKnownFileType = text.plist.xml; path = Info.plist; sourceTree = "<group>"; };
/* End PBXFileReference section */

/* Begin PBXFrameworksBuildPhase section */
		8415266C1D93B92F00AE9263 /* Frameworks */ = {
			isa = PBXFrameworksBuildPhase;
			buildActionMask = 2147483647;
			files = (
			);
			runOnlyForDeploymentPostprocessing = 0;
		};
/* End PBXFrameworksBuildPhase section */

/* Begin PBXGroup section */
		841526661D93B92F00AE9263 = {
			isa = PBXGroup;
			children = (
				841526711D93B92F00AE9263 /* EyreFree3DTouchDemo */,
				841526701D93B92F00AE9263 /* Products */,
			);
			sourceTree = "<group>";
		};
		841526701D93B92F00AE9263 /* Products */ = {
			isa = PBXGroup;
			children = (
				8415266F1D93B92F00AE9263 /* EyreFree3DTouchDemo.app */,
			);
			name = Products;
			sourceTree = "<group>";
		};
		841526711D93B92F00AE9263 /* EyreFree3DTouchDemo */ = {
			isa = PBXGroup;
			children = (
				841526721D93B92F00AE9263 /* AppDelegate.swift */,
				841526741D93B92F00AE9263 /* ViewController.swift */,
				841526761D93B92F00AE9263 /* Main.storyboard */,
				841526791D93B92F00AE9263 /* Assets.xcassets */,
				8415267B1D93B92F00AE9263 /* LaunchScreen.storyboard */,
				8415267E1D93B92F00AE9263 /* Info.plist */,
			);
			path = EyreFree3DTouchDemo;
			sourceTree = "<group>";
		};
/* End PBXGroup section */

/* Begin PBXNativeTarget section */
		8415266E1D93B92F00AE9263 /* EyreFree3DTouchDemo */ = {
			isa = PBXNativeTarget;
			buildConfigurationList = 841526811D93B92F00AE9263 /* Build configuration list for PBXNativeTarget "EyreFree3DTouchDemo" */;
			buildPhases = (
				8415266B1D93B92F00AE9263 /* Sources */,
				8415266C1D93B92F00AE9263 /* Frameworks */,
				8415266D1D93B92F00AE9263 /* Resources */,
			);
			buildRules = (
			);
			dependencies = (
			);
			name = EyreFree3DTouchDemo;
			productName = EyreFree3DTouchDemo;
			productReference = 8415266F1D93B92F00AE9263 /* EyreFree3DTouchDemo.app */;
			productType = "com.apple.product-type.application";
		};
/* End PBXNativeTarget section */

/* Begin PBXProject section */
		841526671D93B92F00AE9263 /* Project object */ = {
			isa = PBXProject;
			attributes = {
				LastSwiftUpdateCheck = 0800;
				LastUpgradeCheck = 0800;
				ORGANIZATIONNAME = EyreFree;
				TargetAttributes = {
					8415266E1D93B92F00AE9263 = {
						CreatedOnToolsVersion = 8.0;
						ProvisioningStyle = Automatic;
					};
				};
			};
			buildConfigurationList = 8415266A1D93B92F00AE9263 /* Build configuration list for PBXProject "EyreFree3DTouchDemo" */;
			compatibilityVersion = "Xcode 3.2";
			developmentRegion = English;
			hasScannedForEncodings = 0;
			knownRegions = (
				en,
				Base,
			);
			mainGroup = 841526661D93B92F00AE9263;
			productRefGroup = 841526701D93B92F00AE9263 /* Products */;
			projectDirPath = "";
			projectRoot = "";
			targets = (
				8415266E1D93B92F00AE9263 /* EyreFree3DTouchDemo */,
			);
		};
/* End PBXProject section */

/* Begin PBXResourcesBuildPhase section */
		8415266D1D93B92F00AE9263 /* Resources */ = {
			isa = PBXResourcesBuildPhase;
			buildActionMask = 2147483647;
			files = (
				8415267D1D93B92F00AE9263 /* LaunchScreen.storyboard in Resources */,
				8415267A1D93B92F00AE9263 /* Assets.xcassets in Resources */,
				841526781D93B92F00AE9263 /* Main.storyboard in Resources */,
			);
			runOnlyForDeploymentPostprocessing = 0;
		};
/* End PBXResourcesBuildPhase section */

/* Begin PBXSourcesBuildPhase section */
		8415266B1D93B92F00AE9263 /* Sources */ = {
			isa = PBXSourcesBuildPhase;
			buildActionMask = 2147483647;
			files = (
				841526751D93B92F00AE9263 /* ViewController.swift in Sources */,
				841526731D93B92F00AE9263 /* AppDelegate.swift in Sources */,
			);
			runOnlyForDeploymentPostprocessing = 0;
		};
/* End PBXSourcesBuildPhase section */

/* Begin PBXVariantGroup section */
		841526761D93B92F00AE9263 /* Main.storyboard */ = {
			isa = PBXVariantGroup;
			children = (
				841526771D93B92F00AE9263 /* Base */,
			);
			name = Main.storyboard;
			sourceTree = "<group>";
		};
		8415267B1D93B92F00AE9263 /* LaunchScreen.storyboard */ = {
			isa = PBXVariantGroup;
			children = (
				8415267C1D93B92F00AE9263 /* Base */,
			);
			name = LaunchScreen.storyboard;
			sourceTree = "<group>";
		};
/* End PBXVariantGroup section */

/* Begin XCBuildConfiguration section */
		8415267F1D93B92F00AE9263 /* Debug */ = {
			isa = XCBuildConfiguration;
			buildSettings = {
				ALWAYS_SEARCH_USER_PATHS = NO;
				CLANG_ANALYZER_NONNULL = YES;
				CLANG_CXX_LANGUAGE_STANDARD = "gnu++0x";
				CLANG_CXX_LIBRARY = "libc++";
				CLANG_ENABLE_MODULES = YES;
				CLANG_ENABLE_OBJC_ARC = YES;
				CLANG_WARN_BOOL_CONVERSION = YES;
				CLANG_WARN_CONSTANT_CONVERSION = YES;
				CLANG_WARN_DIRECT_OBJC_ISA_USAGE = YES_ERROR;
				CLANG_WARN_DOCUMENTATION_COMMENTS = YES;
				CLANG_WARN_EMPTY_BODY = YES;
				CLANG_WARN_ENUM_CONVERSION = YES;
				CLANG_WARN_INFINITE_RECURSION = YES;
				CLANG_WARN_INT_CONVERSION = YES;
				CLANG_WARN_OBJC_ROOT_CLASS = YES_ERROR;
				CLANG_WARN_SUSPICIOUS_MOVES = YES;
				CLANG_WARN_UNREACHABLE_CODE = YES;
				CLANG_WARN__DUPLICATE_METHOD_MATCH = YES;
				"CODE_SIGN_IDENTITY[sdk=iphoneos*]" = "iPhone Developer";
				COPY_PHASE_STRIP = NO;
				DEBUG_INFORMATION_FORMAT = dwarf;
				ENABLE_STRICT_OBJC_MSGSEND = YES;
				ENABLE_TESTABILITY = YES;
				GCC_C_LANGUAGE_STANDARD = gnu99;
				GCC_DYNAMIC_NO_PIC = NO;
				GCC_NO_COMMON_BLOCKS = YES;
				GCC_OPTIMIZATION_LEVEL = 0;
				GCC_PREPROCESSOR_DEFINITIONS = (
					"DEBUG=1",
					"$(inherited)",
				);
				GCC_WARN_64_TO_32_BIT_CONVERSION = YES;
				GCC_WARN_ABOUT_RETURN_TYPE = YES_ERROR;
				GCC_WARN_UNDECLARED_SELECTOR = YES;
				GCC_WARN_UNINITIALIZED_AUTOS = YES_AGGRESSIVE;
				GCC_WARN_UNUSED_FUNCTION = YES;
				GCC_WARN_UNUSED_VARIABLE = YES;
				IPHONEOS_DEPLOYMENT_TARGET = 9.0;
				MTL_ENABLE_DEBUG_INFO = YES;
				ONLY_ACTIVE_ARCH = YES;
				SDKROOT = iphoneos;
				SWIFT_ACTIVE_COMPILATION_CONDITIONS = DEBUG;
				SWIFT_OPTIMIZATION_LEVEL = "-Onone";
				TARGETED_DEVICE_FAMILY = "1,2";
			};
			name = Debug;
		};
		841526801D93B92F00AE9263 /* Release */ = {
			isa = XCBuildConfiguration;
			buildSettings = {
				ALWAYS_SEARCH_USER_PATHS = NO;
				CLANG_ANALYZER_NONNULL = YES;
				CLANG_CXX_LANGUAGE_STANDARD = "gnu++0x";
				CLANG_CXX_LIBRARY = "libc++";
				CLANG_ENABLE_MODULES = YES;
				CLANG_ENABLE_OBJC_ARC = YES;
				CLANG_WARN_BOOL_CONVERSION = YES;
				CLANG_WARN_CONSTANT_CONVERSION = YES;
				CLANG_WARN_DIRECT_OBJC_ISA_USAGE = YES_ERROR;
				CLANG_WARN_DOCUMENTATION_COMMENTS = YES;
				CLANG_WARN_EMPTY_BODY = YES;
				CLANG_WARN_ENUM_CONVERSION = YES;
				CLANG_WARN_INFINITE_RECURSION = YES;
				CLANG_WARN_INT_CONVERSION = YES;
				CLANG_WARN_OBJC_ROOT_CLASS = YES_ERROR;
				CLANG_WARN_SUSPICIOUS_MOVES = YES;
				CLANG_WARN_UNREACHABLE_CODE = YES;
				CLANG_WARN__DUPLICATE_METHOD_MATCH = YES;
				"CODE_SIGN_IDENTITY[sdk=iphoneos*]" = "iPhone Developer";
				COPY_PHASE_STRIP = NO;
				DEBUG_INFORMATION_FORMAT = "dwarf-with-dsym";
				ENABLE_NS_ASSERTIONS = NO;
				ENABLE_STRICT_OBJC_MSGSEND = YES;
				GCC_C_LANGUAGE_STANDARD = gnu99;
				GCC_NO_COMMON_BLOCKS = YES;
				GCC_WARN_64_TO_32_BIT_CONVERSION = YES;
				GCC_WARN_ABOUT_RETURN_TYPE = YES_ERROR;
				GCC_WARN_UNDECLARED_SELECTOR = YES;
				GCC_WARN_UNINITIALIZED_AUTOS = YES_AGGRESSIVE;
				GCC_WARN_UNUSED_FUNCTION = YES;
				GCC_WARN_UNUSED_VARIABLE = YES;
				IPHONEOS_DEPLOYMENT_TARGET = 9.0;
				MTL_ENABLE_DEBUG_INFO = NO;
				SDKROOT = iphoneos;
				SWIFT_OPTIMIZATION_LEVEL = "-Owholemodule";
				TARGETED_DEVICE_FAMILY = "1,2";
				VALIDATE_PRODUCT = YES;
			};
			name = Release;
		};
		841526821D93B92F00AE9263 /* Debug */ = {
			isa = XCBuildConfiguration;
			buildSettings = {
				ASSETCATALOG_COMPILER_APPICON_NAME = AppIcon;
				DEVELOPMENT_TEAM = "";
				INFOPLIST_FILE = EyreFree3DTouchDemo/Info.plist;
				IPHONEOS_DEPLOYMENT_TARGET = 9.0;
				LD_RUNPATH_SEARCH_PATHS = "$(inherited) @executable_path/Frameworks";
				PRODUCT_BUNDLE_IDENTIFIER = com.EyreFree.EyreFree3DTouchDemo;
				PRODUCT_NAME = "$(TARGET_NAME)";
				SWIFT_VERSION = 3.0;
			};
			name = Debug;
		};
		841526831D93B92F00AE9263 /* Release */ = {
			isa = XCBuildConfiguration;
			buildSettings = {
				ASSETCATALOG_COMPILER_APPICON_NAME = AppIcon;
				DEVELOPMENT_TEAM = "";
				INFOPLIST_FILE = EyreFree3DTouchDemo/Info.plist;
				IPHONEOS_DEPLOYMENT_TARGET = 9.0;
				LD_RUNPATH_SEARCH_PATHS = "$(inherited) @executable_path/Frameworks";
				PRODUCT_BUNDLE_IDENTIFIER = com.EyreFree.EyreFree3DTouchDemo;
				PRODUCT_NAME = "$(TARGET_NAME)";
				SWIFT_VERSION = 3.0;
			};
			name = Release;
		};
/* End XCBuildConfiguration section */

/* Begin XCConfigurationList section */
		8415266A1D93B92F00AE9263 /* Build configuration list for PBXProject "EyreFree3DTouchDemo" */ = {
			isa = XCConfigurationList;
			buildConfigurations = (
				8415267F1D93B92F00AE9263 /* Debug */,
				841526801D93B92F00AE9263 /* Release */,
			);
			defaultConfigurationIsVisible = 0;
			defaultConfigurationName = Release;
		};
		841526811D93B92F00AE9263 /* Build configuration list for PBXNativeTarget "EyreFree3DTouchDemo" */ = {
			isa = XCConfigurationList;
			buildConfigurations = (
				841526821D93B92F00AE9263 /* Debug */,
				841526831D93B92F00AE9263 /* Release */,
			);
			defaultConfigurationIsVisible = 0;
			defaultConfigurationName = Release;
		};
/* End XCConfigurationList section */
	};
	rootObject = 841526671D93B92F00AE9263 /* Project object */;
}
